{
  "name": "@devtarang/orca",
  "version": "2.7.0",
  "lockfileVersion": 3,
  "requires": true,
  "packages": {
    "": {
      "name": "@devtarang/orca",
      "version": "2.7.0",
      "license": "MIT",
      "bin": {
        "orca": "src/terminal/main.mjs"
      },
      "engines": {
        "node": ">=18.0.0"
      }
    }
  }
}
