{
  "name": "@bahulam/code",
  "version": "2.6.13",
  "lockfileVersion": 3,
  "requires": true,
  "packages": {
    "": {
      "name": "@bahulam/code",
      "version": "2.6.13",
      "license": "MIT",
      "dependencies": {
        "pdf-parse": "^1.1.1",
        "tree-sitter-wasms": "^0.1.13",
        "web-tree-sitter": "^0.26.9"
      },
      "bin": {
        "bahulam": "src/terminal/main.mjs",
        "bahulam-code": "src/terminal/main.mjs"
      },
      "engines": {
        "node": ">=18.0.0"
      },
      "optionalDependencies": {
        "@bahulam/runtime-darwin-arm64": "2.6.13",
        "@bahulam/runtime-linux-x64": "2.6.13",
        "@bahulam/runtime-win32-x64": "2.6.13"
      }
    },
    "node_modules/@bahulam/runtime-darwin-arm64": {
      "version": "2.6.13",
      "resolved": "https://registry.npmjs.org/@bahulam/runtime-darwin-arm64/-/runtime-darwin-arm64-2.6.13.tgz",
      "integrity": "sha512-eDVVOmwqHRF2OPItjI8NBUcgZmYu0Nf+gIId6VxaJrucc9H0H8XjsLUi+cPOUWC/NX2Z3qJ37raTDjUDqjzUbA==",
      "cpu": [
        "arm64"
      ],
      "license": "UNLICENSED",
      "optional": true,
      "os": [
        "darwin"
      ],
      "bin": {
        "bahulam-agent": "bin/bahulam-agent"
      },
      "engines": {
        "node": ">=18.0.0"
      }
    },
    "node_modules/@bahulam/runtime-linux-x64": {
      "version": "2.6.13",
      "resolved": "https://registry.npmjs.org/@bahulam/runtime-linux-x64/-/runtime-linux-x64-2.6.13.tgz",
      "integrity": "sha512-EAo+FZ+iYoGVVR4e5WVT9k21KzF6gkwNUG4mxUtd2hXLNklAX6nT5/NK92EX0tEpBG08NOlGJE9t09RHXoO9Jg==",
      "cpu": [
        "x64"
      ],
      "license": "UNLICENSED",
      "optional": true,
      "os": [
        "linux"
      ],
      "bin": {
        "bahulam-agent": "bin/bahulam-agent"
      },
      "engines": {
        "node": ">=18.0.0"
      }
    },
    "node_modules/@bahulam/runtime-win32-x64": {
      "version": "2.6.13",
      "resolved": "https://registry.npmjs.org/@bahulam/runtime-win32-x64/-/runtime-win32-x64-2.6.13.tgz",
      "integrity": "sha512-z+5iq0Li+IgU/ruYRoRdnCLoXfS543GvDSqukAljxuGZ0soJl8+VGvfDzY8eBPD6kBt9ncmWpjbNUTKdBVSX3w==",
      "cpu": [
        "x64"
      ],
      "license": "UNLICENSED",
      "optional": true,
      "os": [
        "win32"
      ],
      "bin": {
        "bahulam-agent": "bin/bahulam-agent.cmd"
      },
      "engines": {
        "node": ">=18.0.0"
      }
    },
    "node_modules/debug": {
      "version": "3.2.7",
      "license": "MIT",
      "dependencies": {
        "ms": "^2.1.1"
      }
    },
    "node_modules/ms": {
      "version": "2.1.3",
      "license": "MIT"
    },
    "node_modules/node-ensure": {
      "version": "0.0.0",
      "license": "MIT"
    },
    "node_modules/pdf-parse": {
      "version": "1.1.1",
      "license": "MIT",
      "dependencies": {
        "debug": "^3.1.0",
        "node-ensure": "^0.0.0"
      },
      "engines": {
        "node": ">=6.8.1"
      }
    },
    "node_modules/tree-sitter-wasms": {
      "version": "0.1.13",
      "license": "Unlicense",
      "dependencies": {
        "tree-sitter-wasms": "^0.1.11"
      }
    },
    "node_modules/web-tree-sitter": {
      "version": "0.26.9",
      "license": "MIT"
    }
  }
}
